
Microsoft Visual Studio Solution File, Format Version 12.00
# Visual Studio Version 16
VisualStudioVersion = 16.0.31729.503
MinimumVisualStudioVersion = 10.0.40219.1
Project("{9A19103F-16F7-4668-BE54-9A1E7A4F7556}") = "ELE301.SemesterProject.SerialCommunication", "SerialCommunicator\ELE301.SemesterProject.SerialCommunication.csproj", "{E3E86676-02D8-4561-96FD-944D009A6A44}"
EndProject
Project("{FAE04EC0-301F-11D3-BF4B-00C04F79EFBC}") = "ELE301.SemesterProject.Kortleser.CLI", "ELE301.SemesterProject.Kortleser.CLI\ELE301.SemesterProject.Kortleser.CLI.csproj", "{0A20C38F-C41F-4BCD-A8D5-332E3E56E7CA}"
EndProject
Global
	GlobalSection(SolutionConfigurationPlatforms) = preSolution
		Debug|Any CPU = Debug|Any CPU
		Release|Any CPU = Release|Any CPU
	EndGlobalSection
	GlobalSection(ProjectConfigurationPlatforms) = postSolution
		{E3E86676-02D8-4561-96FD-944D009A6A44}.Debug|Any CPU.ActiveCfg = Debug|Any CPU
		{E3E86676-02D8-4561-96FD-944D009A6A44}.Debug|Any CPU.Build.0 = Debug|Any CPU
		{E3E86676-02D8-4561-96FD-944D009A6A44}.Release|Any CPU.ActiveCfg = Release|Any CPU
		{E3E86676-02D8-4561-96FD-944D009A6A44}.Release|Any CPU.Build.0 = Release|Any CPU
		{0A20C38F-C41F-4BCD-A8D5-332E3E56E7CA}.Debug|Any CPU.ActiveCfg = Debug|Any CPU
		{0A20C38F-C41F-4BCD-A8D5-332E3E56E7CA}.Debug|Any CPU.Build.0 = Debug|Any CPU
		{0A20C38F-C41F-4BCD-A8D5-332E3E56E7CA}.Release|Any CPU.ActiveCfg = Release|Any CPU
		{0A20C38F-C41F-4BCD-A8D5-332E3E56E7CA}.Release|Any CPU.Build.0 = Release|Any CPU
	EndGlobalSection
	GlobalSection(SolutionProperties) = preSolution
		HideSolutionNode = FALSE
	EndGlobalSection
	GlobalSection(ExtensibilityGlobals) = postSolution
		SolutionGuid = {05DEA2C5-5B8D-435D-9076-0BD0BDFCA9FB}
	EndGlobalSection
EndGlobal
